
Microsoft Visual Studio Solution File, Format Version 12.00
# Visual Studio Version 17
VisualStudioVersion = 17.8.34330.188
MinimumVisualStudioVersion = 10.0.40219.1
Project("{FAE04EC0-301F-11D3-BF4B-00C04F79EFBC}") = "booking-imitation-n-layer", "booking-imitation-n-layer\booking-imitation-n-layer.csproj", "{6F5E9F49-CCD3-4765-B205-5874AA7830EC}"
EndProject
Global
	GlobalSection(SolutionConfigurationPlatforms) = preSolution
		Debug|Any CPU = Debug|Any CPU
		Release|Any CPU = Release|Any CPU
	EndGlobalSection
	GlobalSection(ProjectConfigurationPlatforms) = postSolution
		{6F5E9F49-CCD3-4765-B205-5874AA7830EC}.Debug|Any CPU.ActiveCfg = Debug|Any CPU
		{6F5E9F49-CCD3-4765-B205-5874AA7830EC}.Debug|Any CPU.Build.0 = Debug|Any CPU
		{6F5E9F49-CCD3-4765-B205-5874AA7830EC}.Release|Any CPU.ActiveCfg = Release|Any CPU
		{6F5E9F49-CCD3-4765-B205-5874AA7830EC}.Release|Any CPU.Build.0 = Release|Any CPU
	EndGlobalSection
	GlobalSection(SolutionProperties) = preSolution
		HideSolutionNode = FALSE
	EndGlobalSection
	GlobalSection(ExtensibilityGlobals) = postSolution
		SolutionGuid = {64B60C00-0C03-4229-9F5B-0975A96FD2A8}
	EndGlobalSection
EndGlobal
